
Microsoft Visual Studio Solution File, Format Version 12.00
# Visual Studio Version 17
VisualStudioVersion = 17.7.34202.233
MinimumVisualStudioVersion = 10.0.40219.1
Project("{888888A0-9F3D-457C-B088-3A5042F75D52}") = "diploma", "diploma.pyproj", "{9617B566-B44D-4F55-B5DF-3CFBBA40EC7E}"
EndProject
Global
	GlobalSection(SolutionConfigurationPlatforms) = preSolution
		Debug|Any CPU = Debug|Any CPU
		Release|Any CPU = Release|Any CPU
	EndGlobalSection
	GlobalSection(ProjectConfigurationPlatforms) = postSolution
		{9617B566-B44D-4F55-B5DF-3CFBBA40EC7E}.Debug|Any CPU.ActiveCfg = Debug|Any CPU
		{9617B566-B44D-4F55-B5DF-3CFBBA40EC7E}.Release|Any CPU.ActiveCfg = Release|Any CPU
	EndGlobalSection
	GlobalSection(SolutionProperties) = preSolution
		HideSolutionNode = FALSE
	EndGlobalSection
	GlobalSection(ExtensibilityGlobals) = postSolution
		SolutionGuid = {266EFA0A-57E0-4B81-A4D9-1E668B9A2788}
	EndGlobalSection
EndGlobal
